// !$*UTF8*$!
{
	archiveVersion = 1;
	classes = {
	};
	objectVersion = 48;
	objects = {

/* Begin PBXBuildFile section */
		3D12CF1420EC5E180023CD72 /* NSString+TimeRemainDescription.m in Sources */ = {isa = PBXBuildFile; fileRef = 3D12CF1320EC5E180023CD72 /* NSString+TimeRemainDescription.m */; };
		3D1A69BF209AB0A000FEDF54 /* UIColor+Ext.m in Sources */ = {isa = PBXBuildFile; fileRef = 3D1A69BE209AB0A000FEDF54 /* UIColor+Ext.m */; };
		3D1A69C6209ABB9500FEDF54 /* libPods-VWToolsDemo.a in CopyFiles */ = {isa = PBXBuildFile; fileRef = 11FB32121C7838C0BE620735 /* libPods-VWToolsDemo.a */; };
		3D1A69CB209AC59800FEDF54 /* libPods-VWToolsDemoTests.a in Frameworks */ = {isa = PBXBuildFile; fileRef = 3D1A69CC209AC59800FEDF54 /* libPods-VWToolsDemoTests.a */; };
		3D2D92322086E22D00BA9D2A /* NSDate+TimeZone.m in Sources */ = {isa = PBXBuildFile; fileRef = 3D2D92312086E22D00BA9D2A /* NSDate+TimeZone.m */; };
		3D68B8A7208DBEC100FDB4A0 /* NSString+Encrypt.m in Sources */ = {isa = PBXBuildFile; fileRef = 3D68B8A6208DBEC100FDB4A0 /* NSString+Encrypt.m */; };
		3D68B8AA208DCF1600FDB4A0 /* NSMutableArray+Ext.m in Sources */ = {isa = PBXBuildFile; fileRef = 3D68B8A9208DCF1600FDB4A0 /* NSMutableArray+Ext.m */; };
		3D6D3D3620872E0C00B029E5 /* VWStringJudgementTests.m in Sources */ = {isa = PBXBuildFile; fileRef = 3D6D3D3520872E0C00B029E5 /* VWStringJudgementTests.m */; };
		3D6D3D382087353F00B029E5 /* VWTimeZoneConversionSpec.m in Sources */ = {isa = PBXBuildFile; fileRef = 3D6D3D372087353F00B029E5 /* VWTimeZoneConversionSpec.m */; };
		3D71AFFA2085E1500088124E /* AppDelegate.m in Sources */ = {isa = PBXBuildFile; fileRef = 3D71AFF92085E1500088124E /* AppDelegate.m */; };
		3D71AFFD2085E1500088124E /* ViewController.m in Sources */ = {isa = PBXBuildFile; fileRef = 3D71AFFC2085E1500088124E /* ViewController.m */; };
		3D71B0002085E1500088124E /* Main.storyboard in Resources */ = {isa = PBXBuildFile; fileRef = 3D71AFFE2085E1500088124E /* Main.storyboard */; };
		3D71B0022085E1500088124E /* Assets.xcassets in Resources */ = {isa = PBXBuildFile; fileRef = 3D71B0012085E1500088124E /* Assets.xcassets */; };
		3D71B0052085E1500088124E /* LaunchScreen.storyboard in Resources */ = {isa = PBXBuildFile; fileRef = 3D71B0032085E1500088124E /* LaunchScreen.storyboard */; };
		3D71B0082085E1500088124E /* main.m in Sources */ = {isa = PBXBuildFile; fileRef = 3D71B0072085E1500088124E /* main.m */; };
		3D71B0252085E32D0088124E /* NSString+TimeZone.m in Sources */ = {isa = PBXBuildFile; fileRef = 3D71B0242085E32D0088124E /* NSString+TimeZone.m */; };
		3D71B0282085E3410088124E /* NSObject+Runtime.m in Sources */ = {isa = PBXBuildFile; fileRef = 3D71B0272085E3410088124E /* NSObject+Runtime.m */; };
		3D71B0332085E7B40088124E /* NSString+FormatJudgement.m in Sources */ = {isa = PBXBuildFile; fileRef = 3D71B0322085E7B40088124E /* NSString+FormatJudgement.m */; };
		3DD4ED2920B2AE4E000B45E1 /* NSObject+CodeEfficiencyTest.m in Sources */ = {isa = PBXBuildFile; fileRef = 3DD4ED2820B2AE4E000B45E1 /* NSObject+CodeEfficiencyTest.m */; };
/* End PBXBuildFile section */

/* Begin PBXContainerItemProxy section */
		3D71B00E2085E1500088124E /* PBXContainerItemProxy */ = {
			isa = PBXContainerItemProxy;
			containerPortal = 3D71AFED2085E1500088124E /* Project object */;
			proxyType = 1;
			remoteGlobalIDString = 3D71AFF42085E1500088124E;
			remoteInfo = VWToolsDemo;
		};
/* End PBXContainerItemProxy section */

/* Begin PBXCopyFilesBuildPhase section */
		3D1A69C5209ABB7C00FEDF54 /* CopyFiles */ = {
			isa = PBXCopyFilesBuildPhase;
			buildActionMask = 2147483647;
			dstPath = "";
			dstSubfolderSpec = 10;
			files = (
				3D1A69C6209ABB9500FEDF54 /* libPods-VWToolsDemo.a in CopyFiles */,
			);
			runOnlyForDeploymentPostprocessing = 0;
		};
/* End PBXCopyFilesBuildPhase section */

/* Begin PBXFileReference section */
		0102F66789296931E725B8AB /* libPods-VWToolsDemoTests.a */ = {isa = PBXFileReference; explicitFileType = archive.ar; includeInIndex = 0; path = "libPods-VWToolsDemoTests.a"; sourceTree = BUILT_PRODUCTS_DIR; };
		11FB32121C7838C0BE620735 /* libPods-VWToolsDemo.a */ = {isa = PBXFileReference; explicitFileType = archive.ar; includeInIndex = 0; path = "libPods-VWToolsDemo.a"; sourceTree = BUILT_PRODUCTS_DIR; };
		2C0179E5CC6A4381170A7810 /* Pods-VWToolsDemoTests.release.xcconfig */ = {isa = PBXFileReference; includeInIndex = 1; lastKnownFileType = text.xcconfig; name = "Pods-VWToolsDemoTests.release.xcconfig"; path = "Pods/Target Support Files/Pods-VWToolsDemoTests/Pods-VWToolsDemoTests.release.xcconfig"; sourceTree = "<group>"; };
		3D12CF1220EC5E180023CD72 /* NSString+TimeRemainDescription.h */ = {isa = PBXFileReference; lastKnownFileType = sourcecode.c.h; path = "NSString+TimeRemainDescription.h"; sourceTree = "<group>"; };
		3D12CF1320EC5E180023CD72 /* NSString+TimeRemainDescription.m */ = {isa = PBXFileReference; lastKnownFileType = sourcecode.c.objc; path = "NSString+TimeRemainDescription.m"; sourceTree = "<group>"; };
		3D1A69BD209AB0A000FEDF54 /* UIColor+Ext.h */ = {isa = PBXFileReference; lastKnownFileType = sourcecode.c.h; path = "UIColor+Ext.h"; sourceTree = "<group>"; };
		3D1A69BE209AB0A000FEDF54 /* UIColor+Ext.m */ = {isa = PBXFileReference; lastKnownFileType = sourcecode.c.objc; path = "UIColor+Ext.m"; sourceTree = "<group>"; };
		3D1A69C9209ABC5600FEDF54 /* XCTest.framework */ = {isa = PBXFileReference; lastKnownFileType = wrapper.framework; name = XCTest.framework; path = Platforms/iPhoneOS.platform/Developer/Library/Frameworks/XCTest.framework; sourceTree = DEVELOPER_DIR; };
		3D1A69CC209AC59800FEDF54 /* libPods-VWToolsDemoTests.a */ = {isa = PBXFileReference; explicitFileType = archive.ar; path = "libPods-VWToolsDemoTests.a"; sourceTree = BUILT_PRODUCTS_DIR; };
		3D2D92302086E22D00BA9D2A /* NSDate+TimeZone.h */ = {isa = PBXFileReference; lastKnownFileType = sourcecode.c.h; path = "NSDate+TimeZone.h"; sourceTree = "<group>"; };
		3D2D92312086E22D00BA9D2A /* NSDate+TimeZone.m */ = {isa = PBXFileReference; lastKnownFileType = sourcecode.c.objc; path = "NSDate+TimeZone.m"; sourceTree = "<group>"; };
		3D68B8A5208DBEC100FDB4A0 /* NSString+Encrypt.h */ = {isa = PBXFileReference; lastKnownFileType = sourcecode.c.h; path = "NSString+Encrypt.h"; sourceTree = "<group>"; };
		3D68B8A6208DBEC100FDB4A0 /* NSString+Encrypt.m */ = {isa = PBXFileReference; lastKnownFileType = sourcecode.c.objc; path = "NSString+Encrypt.m"; sourceTree = "<group>"; };
		3D68B8A8208DCF1600FDB4A0 /* NSMutableArray+Ext.h */ = {isa = PBXFileReference; lastKnownFileType = sourcecode.c.h; path = "NSMutableArray+Ext.h"; sourceTree = "<group>"; };
		3D68B8A9208DCF1600FDB4A0 /* NSMutableArray+Ext.m */ = {isa = PBXFileReference; lastKnownFileType = sourcecode.c.objc; path = "NSMutableArray+Ext.m"; sourceTree = "<group>"; };
		3D6D3D3520872E0C00B029E5 /* VWStringJudgementTests.m */ = {isa = PBXFileReference; lastKnownFileType = sourcecode.c.objc; path = VWStringJudgementTests.m; sourceTree = "<group>"; };
		3D6D3D372087353F00B029E5 /* VWTimeZoneConversionSpec.m */ = {isa = PBXFileReference; lastKnownFileType = sourcecode.c.objc; path = VWTimeZoneConversionSpec.m; sourceTree = "<group>"; };
		3D71AFF52085E1500088124E /* VWToolsDemo.app */ = {isa = PBXFileReference; explicitFileType = wrapper.application; includeInIndex = 0; path = VWToolsDemo.app; sourceTree = BUILT_PRODUCTS_DIR; };
		3D71AFF82085E1500088124E /* AppDelegate.h */ = {isa = PBXFileReference; lastKnownFileType = sourcecode.c.h; path = AppDelegate.h; sourceTree = "<group>"; };
		3D71AFF92085E1500088124E /* AppDelegate.m */ = {isa = PBXFileReference; lastKnownFileType = sourcecode.c.objc; path = AppDelegate.m; sourceTree = "<group>"; };
		3D71AFFB2085E1500088124E /* ViewController.h */ = {isa = PBXFileReference; lastKnownFileType = sourcecode.c.h; path = ViewController.h; sourceTree = "<group>"; };
		3D71AFFC2085E1500088124E /* ViewController.m */ = {isa = PBXFileReference; lastKnownFileType = sourcecode.c.objc; path = ViewController.m; sourceTree = "<group>"; };
		3D71AFFF2085E1500088124E /* Base */ = {isa = PBXFileReference; lastKnownFileType = file.storyboard; name = Base; path = Base.lproj/Main.storyboard; sourceTree = "<group>"; };
		3D71B0012085E1500088124E /* Assets.xcassets */ = {isa = PBXFileReference; lastKnownFileType = folder.assetcatalog; path = Assets.xcassets; sourceTree = "<group>"; };
		3D71B0042085E1500088124E /* Base */ = {isa = PBXFileReference; lastKnownFileType = file.storyboard; name = Base; path = Base.lproj/LaunchScreen.storyboard; sourceTree = "<group>"; };
		3D71B0062085E1500088124E /* Info.plist */ = {isa = PBXFileReference; lastKnownFileType = text.plist.xml; path = Info.plist; sourceTree = "<group>"; };
		3D71B0072085E1500088124E /* main.m */ = {isa = PBXFileReference; lastKnownFileType = sourcecode.c.objc; path = main.m; sourceTree = "<group>"; };
		3D71B00D2085E1500088124E /* VWToolsDemoTests.xctest */ = {isa = PBXFileReference; explicitFileType = wrapper.cfbundle; includeInIndex = 0; path = VWToolsDemoTests.xctest; sourceTree = BUILT_PRODUCTS_DIR; };
		3D71B0132085E1500088124E /* Info.plist */ = {isa = PBXFileReference; lastKnownFileType = text.plist.xml; path = Info.plist; sourceTree = "<group>"; };
		3D71B0232085E32D0088124E /* NSString+TimeZone.h */ = {isa = PBXFileReference; lastKnownFileType = sourcecode.c.h; path = "NSString+TimeZone.h"; sourceTree = "<group>"; };
		3D71B0242085E32D0088124E /* NSString+TimeZone.m */ = {isa = PBXFileReference; lastKnownFileType = sourcecode.c.objc; path = "NSString+TimeZone.m"; sourceTree = "<group>"; };
		3D71B0262085E3410088124E /* NSObject+Runtime.h */ = {isa = PBXFileReference; lastKnownFileType = sourcecode.c.h; path = "NSObject+Runtime.h"; sourceTree = "<group>"; };
		3D71B0272085E3410088124E /* NSObject+Runtime.m */ = {isa = PBXFileReference; lastKnownFileType = sourcecode.c.objc; path = "NSObject+Runtime.m"; sourceTree = "<group>"; };
		3D71B0312085E7B40088124E /* NSString+FormatJudgement.h */ = {isa = PBXFileReference; lastKnownFileType = sourcecode.c.h; path = "NSString+FormatJudgement.h"; sourceTree = "<group>"; };
		3D71B0322085E7B40088124E /* NSString+FormatJudgement.m */ = {isa = PBXFileReference; lastKnownFileType = sourcecode.c.objc; path = "NSString+FormatJudgement.m"; sourceTree = "<group>"; };
		3DD4ED2720B2AE4E000B45E1 /* NSObject+CodeEfficiencyTest.h */ = {isa = PBXFileReference; lastKnownFileType = sourcecode.c.h; path = "NSObject+CodeEfficiencyTest.h"; sourceTree = "<group>"; };
		3DD4ED2820B2AE4E000B45E1 /* NSObject+CodeEfficiencyTest.m */ = {isa = PBXFileReference; lastKnownFileType = sourcecode.c.objc; path = "NSObject+CodeEfficiencyTest.m"; sourceTree = "<group>"; };
		830CAC636F6773570EC23D20 /* Pods-VWToolsDemo.debug.xcconfig */ = {isa = PBXFileReference; includeInIndex = 1; lastKnownFileType = text.xcconfig; name = "Pods-VWToolsDemo.debug.xcconfig"; path = "Pods/Target Support Files/Pods-VWToolsDemo/Pods-VWToolsDemo.debug.xcconfig"; sourceTree = "<group>"; };
		B52800E42F3810A61D9DCC1F /* Pods-VWToolsDemo.release.xcconfig */ = {isa = PBXFileReference; includeInIndex = 1; lastKnownFileType = text.xcconfig; name = "Pods-VWToolsDemo.release.xcconfig"; path = "Pods/Target Support Files/Pods-VWToolsDemo/Pods-VWToolsDemo.release.xcconfig"; sourceTree = "<group>"; };
		D02473BF6ED630EE6BFBBC2F /* Pods-VWToolsDemoTests.debug.xcconfig */ = {isa = PBXFileReference; includeInIndex = 1; lastKnownFileType = text.xcconfig; name = "Pods-VWToolsDemoTests.debug.xcconfig"; path = "Pods/Target Support Files/Pods-VWToolsDemoTests/Pods-VWToolsDemoTests.debug.xcconfig"; sourceTree = "<group>"; };
/* End PBXFileReference section */

/* Begin PBXFrameworksBuildPhase section */
		3D71AFF22085E1500088124E /* Frameworks */ = {
			isa = PBXFrameworksBuildPhase;
			buildActionMask = 2147483647;
			files = (
			);
			runOnlyForDeploymentPostprocessing = 0;
		};
		3D71B00A2085E1500088124E /* Frameworks */ = {
			isa = PBXFrameworksBuildPhase;
			buildActionMask = 2147483647;
			files = (
				3D1A69CB209AC59800FEDF54 /* libPods-VWToolsDemoTests.a in Frameworks */,
			);
			runOnlyForDeploymentPostprocessing = 0;
		};
/* End PBXFrameworksBuildPhase section */

/* Begin PBXGroup section */
		3D1A69C2209AB3B700FEDF54 /* UIColor */ = {
			isa = PBXGroup;
			children = (
				3D1A69BD209AB0A000FEDF54 /* UIColor+Ext.h */,
				3D1A69BE209AB0A000FEDF54 /* UIColor+Ext.m */,
			);
			path = UIColor;
			sourceTree = "<group>";
		};
		3D71AFEC2085E1500088124E = {
			isa = PBXGroup;
			children = (
				3D71AFF72085E1500088124E /* VWToolsDemo */,
				3D71B0102085E1500088124E /* VWToolsDemoTests */,
				3D71AFF62085E1500088124E /* Products */,
				E89E056140D331F74B4E7955 /* Pods */,
				9DEAE3E2AE0C6793FEE4815D /* Frameworks */,
			);
			sourceTree = "<group>";
		};
		3D71AFF62085E1500088124E /* Products */ = {
			isa = PBXGroup;
			children = (
				3D71AFF52085E1500088124E /* VWToolsDemo.app */,
				3D71B00D2085E1500088124E /* VWToolsDemoTests.xctest */,
			);
			name = Products;
			sourceTree = "<group>";
		};
		3D71AFF72085E1500088124E /* VWToolsDemo */ = {
			isa = PBXGroup;
			children = (
				3D71AFF82085E1500088124E /* AppDelegate.h */,
				3D71AFF92085E1500088124E /* AppDelegate.m */,
				3D71AFFB2085E1500088124E /* ViewController.h */,
				3D71AFFC2085E1500088124E /* ViewController.m */,
				3D71AFFE2085E1500088124E /* Main.storyboard */,
				3D71B0012085E1500088124E /* Assets.xcassets */,
				3D71B0032085E1500088124E /* LaunchScreen.storyboard */,
				3D71B0062085E1500088124E /* Info.plist */,
				3D71B0072085E1500088124E /* main.m */,
				3D71B01C2085E1620088124E /* VWTools */,
			);
			path = VWToolsDemo;
			sourceTree = "<group>";
		};
		3D71B0102085E1500088124E /* VWToolsDemoTests */ = {
			isa = PBXGroup;
			children = (
				3D6D3D3520872E0C00B029E5 /* VWStringJudgementTests.m */,
				3D6D3D372087353F00B029E5 /* VWTimeZoneConversionSpec.m */,
				3D71B0132085E1500088124E /* Info.plist */,
			);
			path = VWToolsDemoTests;
			sourceTree = "<group>";
		};
		3D71B01C2085E1620088124E /* VWTools */ = {
			isa = PBXGroup;
			children = (
				3D71B0292085E35F0088124E /* Categories */,
			);
			path = VWTools;
			sourceTree = "<group>";
		};
		3D71B0292085E35F0088124E /* Categories */ = {
			isa = PBXGroup;
			children = (
				3D1A69C2209AB3B700FEDF54 /* UIColor */,
				3D71B02A2085E3C70088124E /* Time */,
				3D71B0262085E3410088124E /* NSObject+Runtime.h */,
				3D71B0272085E3410088124E /* NSObject+Runtime.m */,
				3D71B0312085E7B40088124E /* NSString+FormatJudgement.h */,
				3D71B0322085E7B40088124E /* NSString+FormatJudgement.m */,
				3D68B8A5208DBEC100FDB4A0 /* NSString+Encrypt.h */,
				3D68B8A6208DBEC100FDB4A0 /* NSString+Encrypt.m */,
				3D68B8A8208DCF1600FDB4A0 /* NSMutableArray+Ext.h */,
				3D68B8A9208DCF1600FDB4A0 /* NSMutableArray+Ext.m */,
				3DD4ED2720B2AE4E000B45E1 /* NSObject+CodeEfficiencyTest.h */,
				3DD4ED2820B2AE4E000B45E1 /* NSObject+CodeEfficiencyTest.m */,
			);
			path = Categories;
			sourceTree = "<group>";
		};
		3D71B02A2085E3C70088124E /* Time */ = {
			isa = PBXGroup;
			children = (
				3D71B0232085E32D0088124E /* NSString+TimeZone.h */,
				3D71B0242085E32D0088124E /* NSString+TimeZone.m */,
				3D2D92302086E22D00BA9D2A /* NSDate+TimeZone.h */,
				3D2D92312086E22D00BA9D2A /* NSDate+TimeZone.m */,
				3D12CF1220EC5E180023CD72 /* NSString+TimeRemainDescription.h */,
				3D12CF1320EC5E180023CD72 /* NSString+TimeRemainDescription.m */,
			);
			path = Time;
			sourceTree = "<group>";
		};
		9DEAE3E2AE0C6793FEE4815D /* Frameworks */ = {
			isa = PBXGroup;
			children = (
				3D1A69CC209AC59800FEDF54 /* libPods-VWToolsDemoTests.a */,
				3D1A69C9209ABC5600FEDF54 /* XCTest.framework */,
				11FB32121C7838C0BE620735 /* libPods-VWToolsDemo.a */,
				0102F66789296931E725B8AB /* libPods-VWToolsDemoTests.a */,
			);
			name = Frameworks;
			sourceTree = "<group>";
		};
		E89E056140D331F74B4E7955 /* Pods */ = {
			isa = PBXGroup;
			children = (
				830CAC636F6773570EC23D20 /* Pods-VWToolsDemo.debug.xcconfig */,
				B52800E42F3810A61D9DCC1F /* Pods-VWToolsDemo.release.xcconfig */,
				D02473BF6ED630EE6BFBBC2F /* Pods-VWToolsDemoTests.debug.xcconfig */,
				2C0179E5CC6A4381170A7810 /* Pods-VWToolsDemoTests.release.xcconfig */,
			);
			name = Pods;
			sourceTree = "<group>";
		};
/* End PBXGroup section */

/* Begin PBXNativeTarget section */
		3D71AFF42085E1500088124E /* VWToolsDemo */ = {
			isa = PBXNativeTarget;
			buildConfigurationList = 3D71B0162085E1500088124E /* Build configuration list for PBXNativeTarget "VWToolsDemo" */;
			buildPhases = (
				76E7A6DF9FEB2144475A94A0 /* [CP] Check Pods Manifest.lock */,
				3D71AFF12085E1500088124E /* Sources */,
				3D71AFF22085E1500088124E /* Frameworks */,
				3D71AFF32085E1500088124E /* Resources */,
				3393E762EBEEB0A4FD280DBF /* [CP] Embed Pods Frameworks */,
				3D1A69C5209ABB7C00FEDF54 /* CopyFiles */,
				72CE766EFF939BE5C3CB6072 /* [CP] Copy Pods Resources */,
			);
			buildRules = (
			);
			dependencies = (
			);
			name = VWToolsDemo;
			productName = VWToolsDemo;
			productReference = 3D71AFF52085E1500088124E /* VWToolsDemo.app */;
			productType = "com.apple.product-type.application";
		};
		3D71B00C2085E1500088124E /* VWToolsDemoTests */ = {
			isa = PBXNativeTarget;
			buildConfigurationList = 3D71B0192085E1500088124E /* Build configuration list for PBXNativeTarget "VWToolsDemoTests" */;
			buildPhases = (
				4F7D96A3B22B66DFC4F24A53 /* [CP] Check Pods Manifest.lock */,
				3D71B0092085E1500088124E /* Sources */,
				3D71B00A2085E1500088124E /* Frameworks */,
				3D71B00B2085E1500088124E /* Resources */,
				CE666608621C65EAD0209D9E /* [CP] Embed Pods Frameworks */,
				4090EE229C248C9DE8BB08F3 /* [CP] Copy Pods Resources */,
			);
			buildRules = (
			);
			dependencies = (
				3D71B00F2085E1500088124E /* PBXTargetDependency */,
			);
			name = VWToolsDemoTests;
			productName = VWToolsDemoTests;
			productReference = 3D71B00D2085E1500088124E /* VWToolsDemoTests.xctest */;
			productType = "com.apple.product-type.bundle.unit-test";
		};
/* End PBXNativeTarget section */

/* Begin PBXProject section */
		3D71AFED2085E1500088124E /* Project object */ = {
			isa = PBXProject;
			attributes = {
				CLASSPREFIX = VW;
				LastUpgradeCheck = 0920;
				ORGANIZATIONNAME = "万伟琦";
				TargetAttributes = {
					3D71AFF42085E1500088124E = {
						CreatedOnToolsVersion = 9.2;
						ProvisioningStyle = Manual;
					};
					3D71B00C2085E1500088124E = {
						CreatedOnToolsVersion = 9.2;
						ProvisioningStyle = Manual;
						TestTargetID = 3D71AFF42085E1500088124E;
					};
				};
			};
			buildConfigurationList = 3D71AFF02085E1500088124E /* Build configuration list for PBXProject "VWToolsDemo" */;
			compatibilityVersion = "Xcode 8.0";
			developmentRegion = en;
			hasScannedForEncodings = 0;
			knownRegions = (
				en,
				Base,
			);
			mainGroup = 3D71AFEC2085E1500088124E;
			productRefGroup = 3D71AFF62085E1500088124E /* Products */;
			projectDirPath = "";
			projectRoot = "";
			targets = (
				3D71AFF42085E1500088124E /* VWToolsDemo */,
				3D71B00C2085E1500088124E /* VWToolsDemoTests */,
			);
		};
/* End PBXProject section */

/* Begin PBXResourcesBuildPhase section */
		3D71AFF32085E1500088124E /* Resources */ = {
			isa = PBXResourcesBuildPhase;
			buildActionMask = 2147483647;
			files = (
				3D71B0052085E1500088124E /* LaunchScreen.storyboard in Resources */,
				3D71B0022085E1500088124E /* Assets.xcassets in Resources */,
				3D71B0002085E1500088124E /* Main.storyboard in Resources */,
			);
			runOnlyForDeploymentPostprocessing = 0;
		};
		3D71B00B2085E1500088124E /* Resources */ = {
			isa = PBXResourcesBuildPhase;
			buildActionMask = 2147483647;
			files = (
			);
			runOnlyForDeploymentPostprocessing = 0;
		};
/* End PBXResourcesBuildPhase section */

/* Begin PBXShellScriptBuildPhase section */
		3393E762EBEEB0A4FD280DBF /* [CP] Embed Pods Frameworks */ = {
			isa = PBXShellScriptBuildPhase;
			buildActionMask = 2147483647;
			files = (
			);
			inputPaths = (
			);
			name = "[CP] Embed Pods Frameworks";
			outputPaths = (
			);
			runOnlyForDeploymentPostprocessing = 0;
			shellPath = /bin/sh;
			shellScript = "\"${SRCROOT}/Pods/Target Support Files/Pods-VWToolsDemo/Pods-VWToolsDemo-frameworks.sh\"\n";
			showEnvVarsInLog = 0;
		};
		4090EE229C248C9DE8BB08F3 /* [CP] Copy Pods Resources */ = {
			isa = PBXShellScriptBuildPhase;
			buildActionMask = 2147483647;
			files = (
			);
			inputPaths = (
			);
			name = "[CP] Copy Pods Resources";
			outputPaths = (
			);
			runOnlyForDeploymentPostprocessing = 0;
			shellPath = /bin/sh;
			shellScript = "\"${SRCROOT}/Pods/Target Support Files/Pods-VWToolsDemoTests/Pods-VWToolsDemoTests-resources.sh\"\n";
			showEnvVarsInLog = 0;
		};
		4F7D96A3B22B66DFC4F24A53 /* [CP] Check Pods Manifest.lock */ = {
			isa = PBXShellScriptBuildPhase;
			buildActionMask = 2147483647;
			files = (
			);
			inputPaths = (
				"${PODS_PODFILE_DIR_PATH}/Podfile.lock",
				"${PODS_ROOT}/Manifest.lock",
			);
			name = "[CP] Check Pods Manifest.lock";
			outputPaths = (
				"$(DERIVED_FILE_DIR)/Pods-VWToolsDemoTests-checkManifestLockResult.txt",
			);
			runOnlyForDeploymentPostprocessing = 0;
			shellPath = /bin/sh;
			shellScript = "diff \"${PODS_PODFILE_DIR_PATH}/Podfile.lock\" \"${PODS_ROOT}/Manifest.lock\" > /dev/null\nif [ $? != 0 ] ; then\n    # print error to STDERR\n    echo \"error: The sandbox is not in sync with the Podfile.lock. Run 'pod install' or update your CocoaPods installation.\" >&2\n    exit 1\nfi\n# This output is used by Xcode 'outputs' to avoid re-running this script phase.\necho \"SUCCESS\" > \"${SCRIPT_OUTPUT_FILE_0}\"\n";
			showEnvVarsInLog = 0;
		};
		72CE766EFF939BE5C3CB6072 /* [CP] Copy Pods Resources */ = {
			isa = PBXShellScriptBuildPhase;
			buildActionMask = 2147483647;
			files = (
			);
			inputPaths = (
			);
			name = "[CP] Copy Pods Resources";
			outputPaths = (
			);
			runOnlyForDeploymentPostprocessing = 0;
			shellPath = /bin/sh;
			shellScript = "\"${SRCROOT}/Pods/Target Support Files/Pods-VWToolsDemo/Pods-VWToolsDemo-resources.sh\"\n";
			showEnvVarsInLog = 0;
		};
		76E7A6DF9FEB2144475A94A0 /* [CP] Check Pods Manifest.lock */ = {
			isa = PBXShellScriptBuildPhase;
			buildActionMask = 2147483647;
			files = (
			);
			inputPaths = (
				"${PODS_PODFILE_DIR_PATH}/Podfile.lock",
				"${PODS_ROOT}/Manifest.lock",
			);
			name = "[CP] Check Pods Manifest.lock";
			outputPaths = (
				"$(DERIVED_FILE_DIR)/Pods-VWToolsDemo-checkManifestLockResult.txt",
			);
			runOnlyForDeploymentPostprocessing = 0;
			shellPath = /bin/sh;
			shellScript = "diff \"${PODS_PODFILE_DIR_PATH}/Podfile.lock\" \"${PODS_ROOT}/Manifest.lock\" > /dev/null\nif [ $? != 0 ] ; then\n    # print error to STDERR\n    echo \"error: The sandbox is not in sync with the Podfile.lock. Run 'pod install' or update your CocoaPods installation.\" >&2\n    exit 1\nfi\n# This output is used by Xcode 'outputs' to avoid re-running this script phase.\necho \"SUCCESS\" > \"${SCRIPT_OUTPUT_FILE_0}\"\n";
			showEnvVarsInLog = 0;
		};
		CE666608621C65EAD0209D9E /* [CP] Embed Pods Frameworks */ = {
			isa = PBXShellScriptBuildPhase;
			buildActionMask = 2147483647;
			files = (
			);
			inputPaths = (
			);
			name = "[CP] Embed Pods Frameworks";
			outputPaths = (
			);
			runOnlyForDeploymentPostprocessing = 0;
			shellPath = /bin/sh;
			shellScript = "\"${SRCROOT}/Pods/Target Support Files/Pods-VWToolsDemoTests/Pods-VWToolsDemoTests-frameworks.sh\"\n";
			showEnvVarsInLog = 0;
		};
/* End PBXShellScriptBuildPhase section */

/* Begin PBXSourcesBuildPhase section */
		3D71AFF12085E1500088124E /* Sources */ = {
			isa = PBXSourcesBuildPhase;
			buildActionMask = 2147483647;
			files = (
				3D68B8AA208DCF1600FDB4A0 /* NSMutableArray+Ext.m in Sources */,
				3D71AFFD2085E1500088124E /* ViewController.m in Sources */,
				3D71B0082085E1500088124E /* main.m in Sources */,
				3D2D92322086E22D00BA9D2A /* NSDate+TimeZone.m in Sources */,
				3D71B0282085E3410088124E /* NSObject+Runtime.m in Sources */,
				3D1A69BF209AB0A000FEDF54 /* UIColor+Ext.m in Sources */,
				3DD4ED2920B2AE4E000B45E1 /* NSObject+CodeEfficiencyTest.m in Sources */,
				3D71AFFA2085E1500088124E /* AppDelegate.m in Sources */,
				3D68B8A7208DBEC100FDB4A0 /* NSString+Encrypt.m in Sources */,
				3D71B0332085E7B40088124E /* NSString+FormatJudgement.m in Sources */,
				3D12CF1420EC5E180023CD72 /* NSString+TimeRemainDescription.m in Sources */,
				3D71B0252085E32D0088124E /* NSString+TimeZone.m in Sources */,
			);
			runOnlyForDeploymentPostprocessing = 0;
		};
		3D71B0092085E1500088124E /* Sources */ = {
			isa = PBXSourcesBuildPhase;
			buildActionMask = 2147483647;
			files = (
				3D6D3D382087353F00B029E5 /* VWTimeZoneConversionSpec.m in Sources */,
				3D6D3D3620872E0C00B029E5 /* VWStringJudgementTests.m in Sources */,
			);
			runOnlyForDeploymentPostprocessing = 0;
		};
/* End PBXSourcesBuildPhase section */

/* Begin PBXTargetDependency section */
		3D71B00F2085E1500088124E /* PBXTargetDependency */ = {
			isa = PBXTargetDependency;
			target = 3D71AFF42085E1500088124E /* VWToolsDemo */;
			targetProxy = 3D71B00E2085E1500088124E /* PBXContainerItemProxy */;
		};
/* End PBXTargetDependency section */

/* Begin PBXVariantGroup section */
		3D71AFFE2085E1500088124E /* Main.storyboard */ = {
			isa = PBXVariantGroup;
			children = (
				3D71AFFF2085E1500088124E /* Base */,
			);
			name = Main.storyboard;
			sourceTree = "<group>";
		};
		3D71B0032085E1500088124E /* LaunchScreen.storyboard */ = {
			isa = PBXVariantGroup;
			children = (
				3D71B0042085E1500088124E /* Base */,
			);
			name = LaunchScreen.storyboard;
			sourceTree = "<group>";
		};
/* End PBXVariantGroup section */

/* Begin XCBuildConfiguration section */
		3D71B0142085E1500088124E /* Debug */ = {
			isa = XCBuildConfiguration;
			buildSettings = {
				ALWAYS_SEARCH_USER_PATHS = NO;
				CLANG_ANALYZER_NONNULL = YES;
				CLANG_ANALYZER_NUMBER_OBJECT_CONVERSION = YES_AGGRESSIVE;
				CLANG_CXX_LANGUAGE_STANDARD = "gnu++14";
				CLANG_CXX_LIBRARY = "libc++";
				CLANG_ENABLE_MODULES = YES;
				CLANG_ENABLE_OBJC_ARC = YES;
				CLANG_WARN_BLOCK_CAPTURE_AUTORELEASING = YES;
				CLANG_WARN_BOOL_CONVERSION = YES;
				CLANG_WARN_COMMA = YES;
				CLANG_WARN_CONSTANT_CONVERSION = YES;
				CLANG_WARN_DIRECT_OBJC_ISA_USAGE = YES_ERROR;
				CLANG_WARN_DOCUMENTATION_COMMENTS = YES;
				CLANG_WARN_EMPTY_BODY = YES;
				CLANG_WARN_ENUM_CONVERSION = YES;
				CLANG_WARN_INFINITE_RECURSION = YES;
				CLANG_WARN_INT_CONVERSION = YES;
				CLANG_WARN_NON_LITERAL_NULL_CONVERSION = YES;
				CLANG_WARN_OBJC_LITERAL_CONVERSION = YES;
				CLANG_WARN_OBJC_ROOT_CLASS = YES_ERROR;
				CLANG_WARN_RANGE_LOOP_ANALYSIS = YES;
				CLANG_WARN_STRICT_PROTOTYPES = YES;
				CLANG_WARN_SUSPICIOUS_MOVE = YES;
				CLANG_WARN_UNGUARDED_AVAILABILITY = YES_AGGRESSIVE;
				CLANG_WARN_UNREACHABLE_CODE = YES;
				CLANG_WARN__DUPLICATE_METHOD_MATCH = YES;
				CODE_SIGN_IDENTITY = "iPhone Developer";
				COPY_PHASE_STRIP = NO;
				DEBUG_INFORMATION_FORMAT = dwarf;
				ENABLE_BITCODE = NO;
				ENABLE_STRICT_OBJC_MSGSEND = YES;
				ENABLE_TESTABILITY = YES;
				GCC_C_LANGUAGE_STANDARD = gnu11;
				GCC_DYNAMIC_NO_PIC = NO;
				GCC_NO_COMMON_BLOCKS = YES;
				GCC_OPTIMIZATION_LEVEL = 0;
				GCC_PREPROCESSOR_DEFINITIONS = (
					"DEBUG=1",
					"$(inherited)",
				);
				GCC_WARN_64_TO_32_BIT_CONVERSION = YES;
				GCC_WARN_ABOUT_RETURN_TYPE = YES_ERROR;
				GCC_WARN_UNDECLARED_SELECTOR = YES;
				GCC_WARN_UNINITIALIZED_AUTOS = YES_AGGRESSIVE;
				GCC_WARN_UNUSED_FUNCTION = YES;
				GCC_WARN_UNUSED_VARIABLE = YES;
				IPHONEOS_DEPLOYMENT_TARGET = 11.2;
				MTL_ENABLE_DEBUG_INFO = YES;
				ONLY_ACTIVE_ARCH = YES;
				SDKROOT = iphoneos;
			};
			name = Debug;
		};
		3D71B0152085E1500088124E /* Release */ = {
			isa = XCBuildConfiguration;
			buildSettings = {
				ALWAYS_SEARCH_USER_PATHS = NO;
				CLANG_ANALYZER_NONNULL = YES;
				CLANG_ANALYZER_NUMBER_OBJECT_CONVERSION = YES_AGGRESSIVE;
				CLANG_CXX_LANGUAGE_STANDARD = "gnu++14";
				CLANG_CXX_LIBRARY = "libc++";
				CLANG_ENABLE_MODULES = YES;
				CLANG_ENABLE_OBJC_ARC = YES;
				CLANG_WARN_BLOCK_CAPTURE_AUTORELEASING = YES;
				CLANG_WARN_BOOL_CONVERSION = YES;
				CLANG_WARN_COMMA = YES;
				CLANG_WARN_CONSTANT_CONVERSION = YES;
				CLANG_WARN_DIRECT_OBJC_ISA_USAGE = YES_ERROR;
				CLANG_WARN_DOCUMENTATION_COMMENTS = YES;
				CLANG_WARN_EMPTY_BODY = YES;
				CLANG_WARN_ENUM_CONVERSION = YES;
				CLANG_WARN_INFINITE_RECURSION = YES;
				CLANG_WARN_INT_CONVERSION = YES;
				CLANG_WARN_NON_LITERAL_NULL_CONVERSION = YES;
				CLANG_WARN_OBJC_LITERAL_CONVERSION = YES;
				CLANG_WARN_OBJC_ROOT_CLASS = YES_ERROR;
				CLANG_WARN_RANGE_LOOP_ANALYSIS = YES;
				CLANG_WARN_STRICT_PROTOTYPES = YES;
				CLANG_WARN_SUSPICIOUS_MOVE = YES;
				CLANG_WARN_UNGUARDED_AVAILABILITY = YES_AGGRESSIVE;
				CLANG_WARN_UNREACHABLE_CODE = YES;
				CLANG_WARN__DUPLICATE_METHOD_MATCH = YES;
				CODE_SIGN_IDENTITY = "iPhone Developer";
				COPY_PHASE_STRIP = NO;
				DEBUG_INFORMATION_FORMAT = "dwarf-with-dsym";
				ENABLE_BITCODE = NO;
				ENABLE_NS_ASSERTIONS = NO;
				ENABLE_STRICT_OBJC_MSGSEND = YES;
				GCC_C_LANGUAGE_STANDARD = gnu11;
				GCC_NO_COMMON_BLOCKS = YES;
				GCC_WARN_64_TO_32_BIT_CONVERSION = YES;
				GCC_WARN_ABOUT_RETURN_TYPE = YES_ERROR;
				GCC_WARN_UNDECLARED_SELECTOR = YES;
				GCC_WARN_UNINITIALIZED_AUTOS = YES_AGGRESSIVE;
				GCC_WARN_UNUSED_FUNCTION = YES;
				GCC_WARN_UNUSED_VARIABLE = YES;
				IPHONEOS_DEPLOYMENT_TARGET = 11.2;
				MTL_ENABLE_DEBUG_INFO = NO;
				SDKROOT = iphoneos;
				VALIDATE_PRODUCT = YES;
			};
			name = Release;
		};
		3D71B0172085E1500088124E /* Debug */ = {
			isa = XCBuildConfiguration;
			baseConfigurationReference = 830CAC636F6773570EC23D20 /* Pods-VWToolsDemo.debug.xcconfig */;
			buildSettings = {
				ASSETCATALOG_COMPILER_APPICON_NAME = AppIcon;
				CODE_SIGN_STYLE = Manual;
				DEVELOPMENT_TEAM = ELNKAU5W5R;
				INFOPLIST_FILE = VWToolsDemo/Info.plist;
				LD_RUNPATH_SEARCH_PATHS = "$(inherited) @executable_path/Frameworks";
				PRODUCT_BUNDLE_IDENTIFIER = cn.com.Vic.VWToolsDemo;
				PRODUCT_NAME = "$(TARGET_NAME)";
				PROVISIONING_PROFILE = "9817675c-352e-4405-a51d-22f0f68edfc1";
				PROVISIONING_PROFILE_SPECIFIER = zteDev;
				TARGETED_DEVICE_FAMILY = "1,2";
			};
			name = Debug;
		};
		3D71B0182085E1500088124E /* Release */ = {
			isa = XCBuildConfiguration;
			baseConfigurationReference = B52800E42F3810A61D9DCC1F /* Pods-VWToolsDemo.release.xcconfig */;
			buildSettings = {
				ASSETCATALOG_COMPILER_APPICON_NAME = AppIcon;
				CODE_SIGN_STYLE = Manual;
				DEVELOPMENT_TEAM = ELNKAU5W5R;
				INFOPLIST_FILE = VWToolsDemo/Info.plist;
				LD_RUNPATH_SEARCH_PATHS = "$(inherited) @executable_path/Frameworks";
				PRODUCT_BUNDLE_IDENTIFIER = cn.com.Vic.VWToolsDemo;
				PRODUCT_NAME = "$(TARGET_NAME)";
				PROVISIONING_PROFILE = "9817675c-352e-4405-a51d-22f0f68edfc1";
				PROVISIONING_PROFILE_SPECIFIER = zteDev;
				TARGETED_DEVICE_FAMILY = "1,2";
			};
			name = Release;
		};
		3D71B01A2085E1500088124E /* Debug */ = {
			isa = XCBuildConfiguration;
			baseConfigurationReference = D02473BF6ED630EE6BFBBC2F /* Pods-VWToolsDemoTests.debug.xcconfig */;
			buildSettings = {
				BUNDLE_LOADER = "$(TEST_HOST)";
				CODE_SIGN_IDENTITY = "iPhone Developer";
				CODE_SIGN_STYLE = Manual;
				DEVELOPMENT_TEAM = 389BMU82Q2;
				ENABLE_BITCODE = NO;
				INFOPLIST_FILE = VWToolsDemoTests/Info.plist;
				LD_RUNPATH_SEARCH_PATHS = "$(inherited) @executable_path/Frameworks @loader_path/Frameworks";
				PRODUCT_BUNDLE_IDENTIFIER = cn.com.Vic.VWToolsDemoTests;
				PRODUCT_NAME = "$(TARGET_NAME)";
				PROVISIONING_PROFILE_SPECIFIER = "";
				TARGETED_DEVICE_FAMILY = "1,2";
				TEST_HOST = "$(BUILT_PRODUCTS_DIR)/VWToolsDemo.app/VWToolsDemo";
			};
			name = Debug;
		};
		3D71B01B2085E1500088124E /* Release */ = {
			isa = XCBuildConfiguration;
			baseConfigurationReference = 2C0179E5CC6A4381170A7810 /* Pods-VWToolsDemoTests.release.xcconfig */;
			buildSettings = {
				BUNDLE_LOADER = "$(TEST_HOST)";
				CODE_SIGN_IDENTITY = "iPhone Developer";
				CODE_SIGN_STYLE = Manual;
				DEVELOPMENT_TEAM = 389BMU82Q2;
				ENABLE_BITCODE = NO;
				INFOPLIST_FILE = VWToolsDemoTests/Info.plist;
				LD_RUNPATH_SEARCH_PATHS = "$(inherited) @executable_path/Frameworks @loader_path/Frameworks";
				PRODUCT_BUNDLE_IDENTIFIER = cn.com.Vic.VWToolsDemoTests;
				PRODUCT_NAME = "$(TARGET_NAME)";
				PROVISIONING_PROFILE_SPECIFIER = "";
				TARGETED_DEVICE_FAMILY = "1,2";
				TEST_HOST = "$(BUILT_PRODUCTS_DIR)/VWToolsDemo.app/VWToolsDemo";
			};
			name = Release;
		};
/* End XCBuildConfiguration section */

/* Begin XCConfigurationList section */
		3D71AFF02085E1500088124E /* Build configuration list for PBXProject "VWToolsDemo" */ = {
			isa = XCConfigurationList;
			buildConfigurations = (
				3D71B0142085E1500088124E /* Debug */,
				3D71B0152085E1500088124E /* Release */,
			);
			defaultConfigurationIsVisible = 0;
			defaultConfigurationName = Release;
		};
		3D71B0162085E1500088124E /* Build configuration list for PBXNativeTarget "VWToolsDemo" */ = {
			isa = XCConfigurationList;
			buildConfigurations = (
				3D71B0172085E1500088124E /* Debug */,
				3D71B0182085E1500088124E /* Release */,
			);
			defaultConfigurationIsVisible = 0;
			defaultConfigurationName = Release;
		};
		3D71B0192085E1500088124E /* Build configuration list for PBXNativeTarget "VWToolsDemoTests" */ = {
			isa = XCConfigurationList;
			buildConfigurations = (
				3D71B01A2085E1500088124E /* Debug */,
				3D71B01B2085E1500088124E /* Release */,
			);
			defaultConfigurationIsVisible = 0;
			defaultConfigurationName = Release;
		};
/* End XCConfigurationList section */
	};
	rootObject = 3D71AFED2085E1500088124E /* Project object */;
}
